<?xml version="1.0" encoding="utf-8"?>
<Project ToolsVersion="4.0" xmlns="http://schemas.microsoft.com/developer/msbuild/2003">
  <ItemGroup>
    <Filter Include="Unity">
      <UniqueIdentifier>{a820eab3-2c2a-4d56-9670-064198e6a1cf}</UniqueIdentifier>
    </Filter>
    <Filter Include="Core">
      <UniqueIdentifier>{93995380-89BD-4b04-88EB-625FBE52EBFB}</UniqueIdentifier>
    </Filter>
    <Filter Include="Graphics">
      <UniqueIdentifier>{67DA6AB6-F800-4c08-8B7A-83BB121AAD01}</UniqueIdentifier>
    </Filter>
    <Filter Include="Capture">
      <UniqueIdentifier>{4FC737F1-C7A5-4376-A066-2A32D752A2FF}</UniqueIdentifier>
    </Filter>
    <Filter Include="Interop">
      <UniqueIdentifier>{8A2B3C4D-5E6F-7A8B-9C0D-1E2F3A4B5C6D}</UniqueIdentifier>
    </Filter>
  </ItemGroup>
  <ItemGroup>
    <ClInclude Include="Unity\IUnityInterface.h"><Filter>Unity</Filter></ClInclude>
    <ClInclude Include="Unity\IUnityGraphics.h"><Filter>Unity</Filter></ClInclude>
    <ClInclude Include="Unity\IUnityGraphicsD3D11.h"><Filter>Unity</Filter></ClInclude>
    <ClInclude Include="Unity\IUnityGraphicsD3D12.h"><Filter>Unity</Filter></ClInclude>
    <ClInclude Include="Core\Buffer.h"><Filter>Core</Filter></ClInclude>
    <ClInclude Include="Core\ComApartment.h"><Filter>Core</Filter></ClInclude>
    <ClInclude Include="Core\Debug.h"><Filter>Core</Filter></ClInclude>
    <ClInclude Include="Core\Message.h"><Filter>Core</Filter></ClInclude>
    <ClInclude Include="Core\Singleton.h"><Filter>Core</Filter></ClInclude>
    <ClInclude Include="Core\Thread.h"><Filter>Core</Filter></ClInclude>
    <ClInclude Include="Core\Unity.h"><Filter>Core</Filter></ClInclude>
    <ClInclude Include="Core\Util.h"><Filter>Core</Filter></ClInclude>
    <ClInclude Include="Core\WindowQueue.h"><Filter>Core</Filter></ClInclude>
    <Identity Include="Graphics\IGraphicsContext.h"><Filter>Graphics</Filter></Identity>
    <ClInclude Include="Graphics\GraphicsManager.h"><Filter>Graphics</Filter></ClInclude>
    <ClInclude Include="Graphics\D3D11Context.h"><Filter>Graphics</Filter></ClInclude>
    <ClInclude Include="Graphics\D3D12Context.h"><Filter>Graphics</Filter></ClInclude>
    <ClInclude Include="Interop\SharedTextureResource.h"><Filter>Interop</Filter></ClInclude>
    <ClInclude Include="Capture\IsolatedCaptureDevice.h"><Filter>Capture</Filter></ClInclude>
    <ClInclude Include="Capture\CaptureManager.h"><Filter>Capture</Filter></ClInclude>
    <ClInclude Include="Capture\Cursor.h"><Filter>Capture</Filter></ClInclude>
    <ClInclude Include="Capture\IconTexture.h"><Filter>Capture</Filter></ClInclude>
    <ClInclude Include="Capture\Window.h"><Filter>Capture</Filter></ClInclude>
    <ClInclude Include="Capture\WindowManager.h"><Filter>Capture</Filter></ClInclude>
    <ClInclude Include="Capture\WindowTexture.h"><Filter>Capture</Filter></ClInclude>
    <ClInclude Include="Capture\WindowsGraphicsCapture.h"><Filter>Capture</Filter></ClInclude>
  </ItemGroup>
  <ItemGroup>
    <ClCompile Include="Core\Main.cpp"><Filter>Core</Filter></ClCompile>
    <ClCompile Include="Core\Debug.cpp"><Filter>Core</Filter></ClCompile>
    <ClCompile Include="Core\Message.cpp"><Filter>Core</Filter></ClCompile>
    <ClCompile Include="Core\Thread.cpp"><Filter>Core</Filter></ClCompile>
    <ClCompile Include="Core\Unity.cpp"><Filter>Core</Filter></ClCompile>
    <ClCompile Include="Core\Util.cpp"><Filter>Core</Filter></ClCompile>
    <ClCompile Include="Core\WindowQueue.cpp"><Filter>Core</Filter></ClCompile>
    <ClCompile Include="Graphics\GraphicsManager.cpp"><Filter>Graphics</Filter></ClCompile>
    <ClCompile Include="Graphics\D3D11Context.cpp"><Filter>Graphics</Filter></ClCompile>
    <ClCompile Include="Graphics\D3D12Context.cpp"><Filter>Graphics</Filter></ClCompile>
    <ClCompile Include="Interop\SharedTextureResource.cpp"><Filter>Interop</Filter></ClCompile>
    <ClCompile Include="Capture\IsolatedCaptureDevice.cpp"><Filter>Capture</Filter></ClCompile>
    <ClCompile Include="Capture\CaptureManager.cpp"><Filter>Capture</Filter></ClCompile>
    <ClCompile Include="Capture\Cursor.cpp"><Filter>Capture</Filter></ClCompile>
    <ClCompile Include="Capture\IconTexture.cpp"><Filter>Capture</Filter></ClCompile>
    <ClCompile Include="Capture\Window.cpp"><Filter>Capture</Filter></ClCompile>
    <ClCompile Include="Capture\WindowManager.cpp"><Filter>Capture</Filter></ClCompile>
    <ClCompile Include="Capture\WindowTexture.cpp"><Filter>Capture</Filter></ClCompile>
    <ClCompile Include="Capture\WindowsGraphicsCapture.cpp"><Filter>Capture</Filter></ClCompile>
  </ItemGroup>
</Project>
